// !$*UTF8*$!
{
	archiveVersion = 1;
	classes = {
	};
	objectVersion = 50;
	objects = {

/* Begin PBXBuildFile section */
		C81C3CFA25B7DF8E00AEEBE0 /* AppDelegate.swift in Sources */ = {isa = PBXBuildFile; fileRef = C81C3CF925B7DF8E00AEEBE0 /* AppDelegate.swift */; };
		C81C3CFC25B7DF8E00AEEBE0 /* SceneDelegate.swift in Sources */ = {isa = PBXBuildFile; fileRef = C81C3CFB25B7DF8E00AEEBE0 /* SceneDelegate.swift */; };
		C81C3CFE25B7DF8E00AEEBE0 /* ViewController.swift in Sources */ = {isa = PBXBuildFile; fileRef = C81C3CFD25B7DF8E00AEEBE0 /* ViewController.swift */; };
		C81C3D0125B7DF8E00AEEBE0 /* Main.storyboard in Resources */ = {isa = PBXBuildFile; fileRef = C81C3CFF25B7DF8E00AEEBE0 /* Main.storyboard */; };
		C81C3D0325B7DF8F00AEEBE0 /* Assets.xcassets in Resources */ = {isa = PBXBuildFile; fileRef = C81C3D0225B7DF8F00AEEBE0 /* Assets.xcassets */; };
		C81C3D0625B7DF8F00AEEBE0 /* LaunchScreen.storyboard in Resources */ = {isa = PBXBuildFile; fileRef = C81C3D0425B7DF8F00AEEBE0 /* LaunchScreen.storyboard */; };
		C81C3D1125B7DF9000AEEBE0 /* unitconverterTests.swift in Sources */ = {isa = PBXBuildFile; fileRef = C81C3D1025B7DF9000AEEBE0 /* unitconverterTests.swift */; };
		C81C3D1C25B7DF9000AEEBE0 /* unitconverterUITests.swift in Sources */ = {isa = PBXBuildFile; fileRef = C81C3D1B25B7DF9000AEEBE0 /* unitconverterUITests.swift */; };
/* End PBXBuildFile section */

/* Begin PBXContainerItemProxy section */
		C81C3D0D25B7DF8F00AEEBE0 /* PBXContainerItemProxy */ = {
			isa = PBXContainerItemProxy;
			containerPortal = C81C3CEE25B7DF8E00AEEBE0 /* Project object */;
			proxyType = 1;
			remoteGlobalIDString = C81C3CF525B7DF8E00AEEBE0;
			remoteInfo = unitconverter;
		};
		C81C3D1825B7DF9000AEEBE0 /* PBXContainerItemProxy */ = {
			isa = PBXContainerItemProxy;
			containerPortal = C81C3CEE25B7DF8E00AEEBE0 /* Project object */;
			proxyType = 1;
			remoteGlobalIDString = C81C3CF525B7DF8E00AEEBE0;
			remoteInfo = unitconverter;
		};
/* End PBXContainerItemProxy section */

/* Begin PBXFileReference section */
		C81C3CF625B7DF8E00AEEBE0 /* unitconverter.app */ = {isa = PBXFileReference; explicitFileType = wrapper.application; includeInIndex = 0; path = unitconverter.app; sourceTree = BUILT_PRODUCTS_DIR; };
		C81C3CF925B7DF8E00AEEBE0 /* AppDelegate.swift */ = {isa = PBXFileReference; lastKnownFileType = sourcecode.swift; path = AppDelegate.swift; sourceTree = "<group>"; };
		C81C3CFB25B7DF8E00AEEBE0 /* SceneDelegate.swift */ = {isa = PBXFileReference; lastKnownFileType = sourcecode.swift; path = SceneDelegate.swift; sourceTree = "<group>"; };
		C81C3CFD25B7DF8E00AEEBE0 /* ViewController.swift */ = {isa = PBXFileReference; lastKnownFileType = sourcecode.swift; path = ViewController.swift; sourceTree = "<group>"; };
		C81C3D0025B7DF8E00AEEBE0 /* Base */ = {isa = PBXFileReference; lastKnownFileType = file.storyboard; name = Base; path = Base.lproj/Main.storyboard; sourceTree = "<group>"; };
		C81C3D0225B7DF8F00AEEBE0 /* Assets.xcassets */ = {isa = PBXFileReference; lastKnownFileType = folder.assetcatalog; path = Assets.xcassets; sourceTree = "<group>"; };
		C81C3D0525B7DF8F00AEEBE0 /* Base */ = {isa = PBXFileReference; lastKnownFileType = file.storyboard; name = Base; path = Base.lproj/LaunchScreen.storyboard; sourceTree = "<group>"; };
		C81C3D0725B7DF8F00AEEBE0 /* Info.plist */ = {isa = PBXFileReference; lastKnownFileType = text.plist.xml; path = Info.plist; sourceTree = "<group>"; };
		C81C3D0C25B7DF8F00AEEBE0 /* unitconverterTests.xctest */ = {isa = PBXFileReference; explicitFileType = wrapper.cfbundle; includeInIndex = 0; path = unitconverterTests.xctest; sourceTree = BUILT_PRODUCTS_DIR; };
		C81C3D1025B7DF9000AEEBE0 /* unitconverterTests.swift */ = {isa = PBXFileReference; lastKnownFileType = sourcecode.swift; path = unitconverterTests.swift; sourceTree = "<group>"; };
		C81C3D1225B7DF9000AEEBE0 /* Info.plist */ = {isa = PBXFileReference; lastKnownFileType = text.plist.xml; path = Info.plist; sourceTree = "<group>"; };
		C81C3D1725B7DF9000AEEBE0 /* unitconverterUITests.xctest */ = {isa = PBXFileReference; explicitFileType = wrapper.cfbundle; includeInIndex = 0; path = unitconverterUITests.xctest; sourceTree = BUILT_PRODUCTS_DIR; };
		C81C3D1B25B7DF9000AEEBE0 /* unitconverterUITests.swift */ = {isa = PBXFileReference; lastKnownFileType = sourcecode.swift; path = unitconverterUITests.swift; sourceTree = "<group>"; };
		C81C3D1D25B7DF9000AEEBE0 /* Info.plist */ = {isa = PBXFileReference; lastKnownFileType = text.plist.xml; path = Info.plist; sourceTree = "<group>"; };
/* End PBXFileReference section */

/* Begin PBXFrameworksBuildPhase section */
		C81C3CF325B7DF8E00AEEBE0 /* Frameworks */ = {
			isa = PBXFrameworksBuildPhase;
			buildActionMask = 2147483647;
			files = (
			);
			runOnlyForDeploymentPostprocessing = 0;
		};
		C81C3D0925B7DF8F00AEEBE0 /* Frameworks */ = {
			isa = PBXFrameworksBuildPhase;
			buildActionMask = 2147483647;
			files = (
			);
			runOnlyForDeploymentPostprocessing = 0;
		};
		C81C3D1425B7DF9000AEEBE0 /* Frameworks */ = {
			isa = PBXFrameworksBuildPhase;
			buildActionMask = 2147483647;
			files = (
			);
			runOnlyForDeploymentPostprocessing = 0;
		};
/* End PBXFrameworksBuildPhase section */

/* Begin PBXGroup section */
		C81C3CED25B7DF8E00AEEBE0 = {
			isa = PBXGroup;
			children = (
				C81C3CF825B7DF8E00AEEBE0 /* unitconverter */,
				C81C3D0F25B7DF9000AEEBE0 /* unitconverterTests */,
				C81C3D1A25B7DF9000AEEBE0 /* unitconverterUITests */,
				C81C3CF725B7DF8E00AEEBE0 /* Products */,
			);
			sourceTree = "<group>";
		};
		C81C3CF725B7DF8E00AEEBE0 /* Products */ = {
			isa = PBXGroup;
			children = (
				C81C3CF625B7DF8E00AEEBE0 /* unitconverter.app */,
				C81C3D0C25B7DF8F00AEEBE0 /* unitconverterTests.xctest */,
				C81C3D1725B7DF9000AEEBE0 /* unitconverterUITests.xctest */,
			);
			name = Products;
			sourceTree = "<group>";
		};
		C81C3CF825B7DF8E00AEEBE0 /* unitconverter */ = {
			isa = PBXGroup;
			children = (
				C81C3CF925B7DF8E00AEEBE0 /* AppDelegate.swift */,
				C81C3CFB25B7DF8E00AEEBE0 /* SceneDelegate.swift */,
				C81C3CFD25B7DF8E00AEEBE0 /* ViewController.swift */,
				C81C3CFF25B7DF8E00AEEBE0 /* Main.storyboard */,
				C81C3D0225B7DF8F00AEEBE0 /* Assets.xcassets */,
				C81C3D0425B7DF8F00AEEBE0 /* LaunchScreen.storyboard */,
				C81C3D0725B7DF8F00AEEBE0 /* Info.plist */,
			);
			path = unitconverter;
			sourceTree = "<group>";
		};
		C81C3D0F25B7DF9000AEEBE0 /* unitconverterTests */ = {
			isa = PBXGroup;
			children = (
				C81C3D1025B7DF9000AEEBE0 /* unitconverterTests.swift */,
				C81C3D1225B7DF9000AEEBE0 /* Info.plist */,
			);
			path = unitconverterTests;
			sourceTree = "<group>";
		};
		C81C3D1A25B7DF9000AEEBE0 /* unitconverterUITests */ = {
			isa = PBXGroup;
			children = (
				C81C3D1B25B7DF9000AEEBE0 /* unitconverterUITests.swift */,
				C81C3D1D25B7DF9000AEEBE0 /* Info.plist */,
			);
			path = unitconverterUITests;
			sourceTree = "<group>";
		};
/* End PBXGroup section */

/* Begin PBXNativeTarget section */
		C81C3CF525B7DF8E00AEEBE0 /* unitconverter */ = {
			isa = PBXNativeTarget;
			buildConfigurationList = C81C3D2025B7DF9000AEEBE0 /* Build configuration list for PBXNativeTarget "unitconverter" */;
			buildPhases = (
				C81C3CF225B7DF8E00AEEBE0 /* Sources */,
				C81C3CF325B7DF8E00AEEBE0 /* Frameworks */,
				C81C3CF425B7DF8E00AEEBE0 /* Resources */,
			);
			buildRules = (
			);
			dependencies = (
			);
			name = unitconverter;
			productName = unitconverter;
			productReference = C81C3CF625B7DF8E00AEEBE0 /* unitconverter.app */;
			productType = "com.apple.product-type.application";
		};
		C81C3D0B25B7DF8F00AEEBE0 /* unitconverterTests */ = {
			isa = PBXNativeTarget;
			buildConfigurationList = C81C3D2325B7DF9000AEEBE0 /* Build configuration list for PBXNativeTarget "unitconverterTests" */;
			buildPhases = (
				C81C3D0825B7DF8F00AEEBE0 /* Sources */,
				C81C3D0925B7DF8F00AEEBE0 /* Frameworks */,
				C81C3D0A25B7DF8F00AEEBE0 /* Resources */,
			);
			buildRules = (
			);
			dependencies = (
				C81C3D0E25B7DF8F00AEEBE0 /* PBXTargetDependency */,
			);
			name = unitconverterTests;
			productName = unitconverterTests;
			productReference = C81C3D0C25B7DF8F00AEEBE0 /* unitconverterTests.xctest */;
			productType = "com.apple.product-type.bundle.unit-test";
		};
		C81C3D1625B7DF9000AEEBE0 /* unitconverterUITests */ = {
			isa = PBXNativeTarget;
			buildConfigurationList = C81C3D2625B7DF9000AEEBE0 /* Build configuration list for PBXNativeTarget "unitconverterUITests" */;
			buildPhases = (
				C81C3D1325B7DF9000AEEBE0 /* Sources */,
				C81C3D1425B7DF9000AEEBE0 /* Frameworks */,
				C81C3D1525B7DF9000AEEBE0 /* Resources */,
			);
			buildRules = (
			);
			dependencies = (
				C81C3D1925B7DF9000AEEBE0 /* PBXTargetDependency */,
			);
			name = unitconverterUITests;
			productName = unitconverterUITests;
			productReference = C81C3D1725B7DF9000AEEBE0 /* unitconverterUITests.xctest */;
			productType = "com.apple.product-type.bundle.ui-testing";
		};
/* End PBXNativeTarget section */

/* Begin PBXProject section */
		C81C3CEE25B7DF8E00AEEBE0 /* Project object */ = {
			isa = PBXProject;
			attributes = {
				LastSwiftUpdateCheck = 1230;
				LastUpgradeCheck = 1230;
				TargetAttributes = {
					C81C3CF525B7DF8E00AEEBE0 = {
						CreatedOnToolsVersion = 12.3;
					};
					C81C3D0B25B7DF8F00AEEBE0 = {
						CreatedOnToolsVersion = 12.3;
						TestTargetID = C81C3CF525B7DF8E00AEEBE0;
					};
					C81C3D1625B7DF9000AEEBE0 = {
						CreatedOnToolsVersion = 12.3;
						TestTargetID = C81C3CF525B7DF8E00AEEBE0;
					};
				};
			};
			buildConfigurationList = C81C3CF125B7DF8E00AEEBE0 /* Build configuration list for PBXProject "unitconverter" */;
			compatibilityVersion = "Xcode 9.3";
			developmentRegion = en;
			hasScannedForEncodings = 0;
			knownRegions = (
				en,
				Base,
			);
			mainGroup = C81C3CED25B7DF8E00AEEBE0;
			productRefGroup = C81C3CF725B7DF8E00AEEBE0 /* Products */;
			projectDirPath = "";
			projectRoot = "";
			targets = (
				C81C3CF525B7DF8E00AEEBE0 /* unitconverter */,
				C81C3D0B25B7DF8F00AEEBE0 /* unitconverterTests */,
				C81C3D1625B7DF9000AEEBE0 /* unitconverterUITests */,
			);
		};
/* End PBXProject section */

/* Begin PBXResourcesBuildPhase section */
		C81C3CF425B7DF8E00AEEBE0 /* Resources */ = {
			isa = PBXResourcesBuildPhase;
			buildActionMask = 2147483647;
			files = (
				C81C3D0625B7DF8F00AEEBE0 /* LaunchScreen.storyboard in Resources */,
				C81C3D0325B7DF8F00AEEBE0 /* Assets.xcassets in Resources */,
				C81C3D0125B7DF8E00AEEBE0 /* Main.storyboard in Resources */,
			);
			runOnlyForDeploymentPostprocessing = 0;
		};
		C81C3D0A25B7DF8F00AEEBE0 /* Resources */ = {
			isa = PBXResourcesBuildPhase;
			buildActionMask = 2147483647;
			files = (
			);
			runOnlyForDeploymentPostprocessing = 0;
		};
		C81C3D1525B7DF9000AEEBE0 /* Resources */ = {
			isa = PBXResourcesBuildPhase;
			buildActionMask = 2147483647;
			files = (
			);
			runOnlyForDeploymentPostprocessing = 0;
		};
/* End PBXResourcesBuildPhase section */

/* Begin PBXSourcesBuildPhase section */
		C81C3CF225B7DF8E00AEEBE0 /* Sources */ = {
			isa = PBXSourcesBuildPhase;
			buildActionMask = 2147483647;
			files = (
				C81C3CFE25B7DF8E00AEEBE0 /* ViewController.swift in Sources */,
				C81C3CFA25B7DF8E00AEEBE0 /* AppDelegate.swift in Sources */,
				C81C3CFC25B7DF8E00AEEBE0 /* SceneDelegate.swift in Sources */,
			);
			runOnlyForDeploymentPostprocessing = 0;
		};
		C81C3D0825B7DF8F00AEEBE0 /* Sources */ = {
			isa = PBXSourcesBuildPhase;
			buildActionMask = 2147483647;
			files = (
				C81C3D1125B7DF9000AEEBE0 /* unitconverterTests.swift in Sources */,
			);
			runOnlyForDeploymentPostprocessing = 0;
		};
		C81C3D1325B7DF9000AEEBE0 /* Sources */ = {
			isa = PBXSourcesBuildPhase;
			buildActionMask = 2147483647;
			files = (
				C81C3D1C25B7DF9000AEEBE0 /* unitconverterUITests.swift in Sources */,
			);
			runOnlyForDeploymentPostprocessing = 0;
		};
/* End PBXSourcesBuildPhase section */

/* Begin PBXTargetDependency section */
		C81C3D0E25B7DF8F00AEEBE0 /* PBXTargetDependency */ = {
			isa = PBXTargetDependency;
			target = C81C3CF525B7DF8E00AEEBE0 /* unitconverter */;
			targetProxy = C81C3D0D25B7DF8F00AEEBE0 /* PBXContainerItemProxy */;
		};
		C81C3D1925B7DF9000AEEBE0 /* PBXTargetDependency */ = {
			isa = PBXTargetDependency;
			target = C81C3CF525B7DF8E00AEEBE0 /* unitconverter */;
			targetProxy = C81C3D1825B7DF9000AEEBE0 /* PBXContainerItemProxy */;
		};
/* End PBXTargetDependency section */

/* Begin PBXVariantGroup section */
		C81C3CFF25B7DF8E00AEEBE0 /* Main.storyboard */ = {
			isa = PBXVariantGroup;
			children = (
				C81C3D0025B7DF8E00AEEBE0 /* Base */,
			);
			name = Main.storyboard;
			sourceTree = "<group>";
		};
		C81C3D0425B7DF8F00AEEBE0 /* LaunchScreen.storyboard */ = {
			isa = PBXVariantGroup;
			children = (
				C81C3D0525B7DF8F00AEEBE0 /* Base */,
			);
			name = LaunchScreen.storyboard;
			sourceTree = "<group>";
		};
/* End PBXVariantGroup section */

/* Begin XCBuildConfiguration section */
		C81C3D1E25B7DF9000AEEBE0 /* Debug */ = {
			isa = XCBuildConfiguration;
			buildSettings = {
				ALWAYS_SEARCH_USER_PATHS = NO;
				CLANG_ANALYZER_NONNULL = YES;
				CLANG_ANALYZER_NUMBER_OBJECT_CONVERSION = YES_AGGRESSIVE;
				CLANG_CXX_LANGUAGE_STANDARD = "gnu++14";
				CLANG_CXX_LIBRARY = "libc++";
				CLANG_ENABLE_MODULES = YES;
				CLANG_ENABLE_OBJC_ARC = YES;
				CLANG_ENABLE_OBJC_WEAK = YES;
				CLANG_WARN_BLOCK_CAPTURE_AUTORELEASING = YES;
				CLANG_WARN_BOOL_CONVERSION = YES;
				CLANG_WARN_COMMA = YES;
				CLANG_WARN_CONSTANT_CONVERSION = YES;
				CLANG_WARN_DEPRECATED_OBJC_IMPLEMENTATIONS = YES;
				CLANG_WARN_DIRECT_OBJC_ISA_USAGE = YES_ERROR;
				CLANG_WARN_DOCUMENTATION_COMMENTS = YES;
				CLANG_WARN_EMPTY_BODY = YES;
				CLANG_WARN_ENUM_CONVERSION = YES;
				CLANG_WARN_INFINITE_RECURSION = YES;
				CLANG_WARN_INT_CONVERSION = YES;
				CLANG_WARN_NON_LITERAL_NULL_CONVERSION = YES;
				CLANG_WARN_OBJC_IMPLICIT_RETAIN_SELF = YES;
				CLANG_WARN_OBJC_LITERAL_CONVERSION = YES;
				CLANG_WARN_OBJC_ROOT_CLASS = YES_ERROR;
				CLANG_WARN_QUOTED_INCLUDE_IN_FRAMEWORK_HEADER = YES;
				CLANG_WARN_RANGE_LOOP_ANALYSIS = YES;
				CLANG_WARN_STRICT_PROTOTYPES = YES;
				CLANG_WARN_SUSPICIOUS_MOVE = YES;
				CLANG_WARN_UNGUARDED_AVAILABILITY = YES_AGGRESSIVE;
				CLANG_WARN_UNREACHABLE_CODE = YES;
				CLANG_WARN__DUPLICATE_METHOD_MATCH = YES;
				COPY_PHASE_STRIP = NO;
				DEBUG_INFORMATION_FORMAT = dwarf;
				ENABLE_STRICT_OBJC_MSGSEND = YES;
				ENABLE_TESTABILITY = YES;
				GCC_C_LANGUAGE_STANDARD = gnu11;
				GCC_DYNAMIC_NO_PIC = NO;
				GCC_NO_COMMON_BLOCKS = YES;
				GCC_OPTIMIZATION_LEVEL = 0;
				GCC_PREPROCESSOR_DEFINITIONS = (
					"DEBUG=1",
					"$(inherited)",
				);
				GCC_WARN_64_TO_32_BIT_CONVERSION = YES;
				GCC_WARN_ABOUT_RETURN_TYPE = YES_ERROR;
				GCC_WARN_UNDECLARED_SELECTOR = YES;
				GCC_WARN_UNINITIALIZED_AUTOS = YES_AGGRESSIVE;
				GCC_WARN_UNUSED_FUNCTION = YES;
				GCC_WARN_UNUSED_VARIABLE = YES;
				IPHONEOS_DEPLOYMENT_TARGET = 14.3;
				MTL_ENABLE_DEBUG_INFO = INCLUDE_SOURCE;
				MTL_FAST_MATH = YES;
				ONLY_ACTIVE_ARCH = YES;
				SDKROOT = iphoneos;
				SWIFT_ACTIVE_COMPILATION_CONDITIONS = DEBUG;
				SWIFT_OPTIMIZATION_LEVEL = "-Onone";
			};
			name = Debug;
		};
		C81C3D1F25B7DF9000AEEBE0 /* Release */ = {
			isa = XCBuildConfiguration;
			buildSettings = {
				ALWAYS_SEARCH_USER_PATHS = NO;
				CLANG_ANALYZER_NONNULL = YES;
				CLANG_ANALYZER_NUMBER_OBJECT_CONVERSION = YES_AGGRESSIVE;
				CLANG_CXX_LANGUAGE_STANDARD = "gnu++14";
				CLANG_CXX_LIBRARY = "libc++";
				CLANG_ENABLE_MODULES = YES;
				CLANG_ENABLE_OBJC_ARC = YES;
				CLANG_ENABLE_OBJC_WEAK = YES;
				CLANG_WARN_BLOCK_CAPTURE_AUTORELEASING = YES;
				CLANG_WARN_BOOL_CONVERSION = YES;
				CLANG_WARN_COMMA = YES;
				CLANG_WARN_CONSTANT_CONVERSION = YES;
				CLANG_WARN_DEPRECATED_OBJC_IMPLEMENTATIONS = YES;
				CLANG_WARN_DIRECT_OBJC_ISA_USAGE = YES_ERROR;
				CLANG_WARN_DOCUMENTATION_COMMENTS = YES;
				CLANG_WARN_EMPTY_BODY = YES;
				CLANG_WARN_ENUM_CONVERSION = YES;
				CLANG_WARN_INFINITE_RECURSION = YES;
				CLANG_WARN_INT_CONVERSION = YES;
				CLANG_WARN_NON_LITERAL_NULL_CONVERSION = YES;
				CLANG_WARN_OBJC_IMPLICIT_RETAIN_SELF = YES;
				CLANG_WARN_OBJC_LITERAL_CONVERSION = YES;
				CLANG_WARN_OBJC_ROOT_CLASS = YES_ERROR;
				CLANG_WARN_QUOTED_INCLUDE_IN_FRAMEWORK_HEADER = YES;
				CLANG_WARN_RANGE_LOOP_ANALYSIS = YES;
				CLANG_WARN_STRICT_PROTOTYPES = YES;
				CLANG_WARN_SUSPICIOUS_MOVE = YES;
				CLANG_WARN_UNGUARDED_AVAILABILITY = YES_AGGRESSIVE;
				CLANG_WARN_UNREACHABLE_CODE = YES;
				CLANG_WARN__DUPLICATE_METHOD_MATCH = YES;
				COPY_PHASE_STRIP = NO;
				DEBUG_INFORMATION_FORMAT = "dwarf-with-dsym";
				ENABLE_NS_ASSERTIONS = NO;
				ENABLE_STRICT_OBJC_MSGSEND = YES;
				GCC_C_LANGUAGE_STANDARD = gnu11;
				GCC_NO_COMMON_BLOCKS = YES;
				GCC_WARN_64_TO_32_BIT_CONVERSION = YES;
				GCC_WARN_ABOUT_RETURN_TYPE = YES_ERROR;
				GCC_WARN_UNDECLARED_SELECTOR = YES;
				GCC_WARN_UNINITIALIZED_AUTOS = YES_AGGRESSIVE;
				GCC_WARN_UNUSED_FUNCTION = YES;
				GCC_WARN_UNUSED_VARIABLE = YES;
				IPHONEOS_DEPLOYMENT_TARGET = 14.3;
				MTL_ENABLE_DEBUG_INFO = NO;
				MTL_FAST_MATH = YES;
				SDKROOT = iphoneos;
				SWIFT_COMPILATION_MODE = wholemodule;
				SWIFT_OPTIMIZATION_LEVEL = "-O";
				VALIDATE_PRODUCT = YES;
			};
			name = Release;
		};
		C81C3D2125B7DF9000AEEBE0 /* Debug */ = {
			isa = XCBuildConfiguration;
			buildSettings = {
				ASSETCATALOG_COMPILER_APPICON_NAME = AppIcon;
				ASSETCATALOG_COMPILER_GLOBAL_ACCENT_COLOR_NAME = AccentColor;
				CODE_SIGN_STYLE = Automatic;
				INFOPLIST_FILE = unitconverter/Info.plist;
				LD_RUNPATH_SEARCH_PATHS = (
					"$(inherited)",
					"@executable_path/Frameworks",
				);
				PRODUCT_BUNDLE_IDENTIFIER = com.quicksilversel.unitconverter;
				PRODUCT_NAME = "$(TARGET_NAME)";
				SWIFT_VERSION = 5.0;
				TARGETED_DEVICE_FAMILY = "1,2";
			};
			name = Debug;
		};
		C81C3D2225B7DF9000AEEBE0 /* Release */ = {
			isa = XCBuildConfiguration;
			buildSettings = {
				ASSETCATALOG_COMPILER_APPICON_NAME = AppIcon;
				ASSETCATALOG_COMPILER_GLOBAL_ACCENT_COLOR_NAME = AccentColor;
				CODE_SIGN_STYLE = Automatic;
				INFOPLIST_FILE = unitconverter/Info.plist;
				LD_RUNPATH_SEARCH_PATHS = (
					"$(inherited)",
					"@executable_path/Frameworks",
				);
				PRODUCT_BUNDLE_IDENTIFIER = com.quicksilversel.unitconverter;
				PRODUCT_NAME = "$(TARGET_NAME)";
				SWIFT_VERSION = 5.0;
				TARGETED_DEVICE_FAMILY = "1,2";
			};
			name = Release;
		};
		C81C3D2425B7DF9000AEEBE0 /* Debug */ = {
			isa = XCBuildConfiguration;
			buildSettings = {
				ALWAYS_EMBED_SWIFT_STANDARD_LIBRARIES = YES;
				BUNDLE_LOADER = "$(TEST_HOST)";
				CODE_SIGN_STYLE = Automatic;
				INFOPLIST_FILE = unitconverterTests/Info.plist;
				IPHONEOS_DEPLOYMENT_TARGET = 14.3;
				LD_RUNPATH_SEARCH_PATHS = (
					"$(inherited)",
					"@executable_path/Frameworks",
					"@loader_path/Frameworks",
				);
				PRODUCT_BUNDLE_IDENTIFIER = com.quicksilversel.unitconverterTests;
				PRODUCT_NAME = "$(TARGET_NAME)";
				SWIFT_VERSION = 5.0;
				TARGETED_DEVICE_FAMILY = "1,2";
				TEST_HOST = "$(BUILT_PRODUCTS_DIR)/unitconverter.app/unitconverter";
			};
			name = Debug;
		};
		C81C3D2525B7DF9000AEEBE0 /* Release */ = {
			isa = XCBuildConfiguration;
			buildSettings = {
				ALWAYS_EMBED_SWIFT_STANDARD_LIBRARIES = YES;
				BUNDLE_LOADER = "$(TEST_HOST)";
				CODE_SIGN_STYLE = Automatic;
				INFOPLIST_FILE = unitconverterTests/Info.plist;
				IPHONEOS_DEPLOYMENT_TARGET = 14.3;
				LD_RUNPATH_SEARCH_PATHS = (
					"$(inherited)",
					"@executable_path/Frameworks",
					"@loader_path/Frameworks",
				);
				PRODUCT_BUNDLE_IDENTIFIER = com.quicksilversel.unitconverterTests;
				PRODUCT_NAME = "$(TARGET_NAME)";
				SWIFT_VERSION = 5.0;
				TARGETED_DEVICE_FAMILY = "1,2";
				TEST_HOST = "$(BUILT_PRODUCTS_DIR)/unitconverter.app/unitconverter";
			};
			name = Release;
		};
		C81C3D2725B7DF9000AEEBE0 /* Debug */ = {
			isa = XCBuildConfiguration;
			buildSettings = {
				ALWAYS_EMBED_SWIFT_STANDARD_LIBRARIES = YES;
				CODE_SIGN_STYLE = Automatic;
				INFOPLIST_FILE = unitconverterUITests/Info.plist;
				LD_RUNPATH_SEARCH_PATHS = (
					"$(inherited)",
					"@executable_path/Frameworks",
					"@loader_path/Frameworks",
				);
				PRODUCT_BUNDLE_IDENTIFIER = com.quicksilversel.unitconverterUITests;
				PRODUCT_NAME = "$(TARGET_NAME)";
				SWIFT_VERSION = 5.0;
				TARGETED_DEVICE_FAMILY = "1,2";
				TEST_TARGET_NAME = unitconverter;
			};
			name = Debug;
		};
		C81C3D2825B7DF9000AEEBE0 /* Release */ = {
			isa = XCBuildConfiguration;
			buildSettings = {
				ALWAYS_EMBED_SWIFT_STANDARD_LIBRARIES = YES;
				CODE_SIGN_STYLE = Automatic;
				INFOPLIST_FILE = unitconverterUITests/Info.plist;
				LD_RUNPATH_SEARCH_PATHS = (
					"$(inherited)",
					"@executable_path/Frameworks",
					"@loader_path/Frameworks",
				);
				PRODUCT_BUNDLE_IDENTIFIER = com.quicksilversel.unitconverterUITests;
				PRODUCT_NAME = "$(TARGET_NAME)";
				SWIFT_VERSION = 5.0;
				TARGETED_DEVICE_FAMILY = "1,2";
				TEST_TARGET_NAME = unitconverter;
			};
			name = Release;
		};
/* End XCBuildConfiguration section */

/* Begin XCConfigurationList section */
		C81C3CF125B7DF8E00AEEBE0 /* Build configuration list for PBXProject "unitconverter" */ = {
			isa = XCConfigurationList;
			buildConfigurations = (
				C81C3D1E25B7DF9000AEEBE0 /* Debug */,
				C81C3D1F25B7DF9000AEEBE0 /* Release */,
			);
			defaultConfigurationIsVisible = 0;
			defaultConfigurationName = Release;
		};
		C81C3D2025B7DF9000AEEBE0 /* Build configuration list for PBXNativeTarget "unitconverter" */ = {
			isa = XCConfigurationList;
			buildConfigurations = (
				C81C3D2125B7DF9000AEEBE0 /* Debug */,
				C81C3D2225B7DF9000AEEBE0 /* Release */,
			);
			defaultConfigurationIsVisible = 0;
			defaultConfigurationName = Release;
		};
		C81C3D2325B7DF9000AEEBE0 /* Build configuration list for PBXNativeTarget "unitconverterTests" */ = {
			isa = XCConfigurationList;
			buildConfigurations = (
				C81C3D2425B7DF9000AEEBE0 /* Debug */,
				C81C3D2525B7DF9000AEEBE0 /* Release */,
			);
			defaultConfigurationIsVisible = 0;
			defaultConfigurationName = Release;
		};
		C81C3D2625B7DF9000AEEBE0 /* Build configuration list for PBXNativeTarget "unitconverterUITests" */ = {
			isa = XCConfigurationList;
			buildConfigurations = (
				C81C3D2725B7DF9000AEEBE0 /* Debug */,
				C81C3D2825B7DF9000AEEBE0 /* Release */,
			);
			defaultConfigurationIsVisible = 0;
			defaultConfigurationName = Release;
		};
/* End XCConfigurationList section */
	};
	rootObject = C81C3CEE25B7DF8E00AEEBE0 /* Project object */;
}
